
Microsoft Visual Studio Solution File, Format Version 12.00
# Visual Studio Version 16
VisualStudioVersion = 16.0.30406.217
MinimumVisualStudioVersion = 10.0.40219.1
Project("{B1E792BE-AA5F-4E3C-8C82-674BF9C0715B}") = "TwinCAT Project1", "TwinCAT Project1\TwinCAT Project1.tsproj", "{A77BBC54-082F-4918-9FEB-FCCE5FADF3BB}"
EndProject
Global
	GlobalSection(SolutionConfigurationPlatforms) = preSolution
		Debug|TwinCAT CE7 (ARMV7) = Debug|TwinCAT CE7 (ARMV7)
		Debug|TwinCAT OS (ARMT2) = Debug|TwinCAT OS (ARMT2)
		Debug|TwinCAT RT (x64) = Debug|TwinCAT RT (x64)
		Debug|TwinCAT RT (x86) = Debug|TwinCAT RT (x86)
		Release|TwinCAT CE7 (ARMV7) = Release|TwinCAT CE7 (ARMV7)
		Release|TwinCAT OS (ARMT2) = Release|TwinCAT OS (ARMT2)
		Release|TwinCAT RT (x64) = Release|TwinCAT RT (x64)
		Release|TwinCAT RT (x86) = Release|TwinCAT RT (x86)
	EndGlobalSection
	GlobalSection(ProjectConfigurationPlatforms) = postSolution
		{A77BBC54-082F-4918-9FEB-FCCE5FADF3BB}.Debug|TwinCAT CE7 (ARMV7).ActiveCfg = Debug|TwinCAT CE7 (ARMV7)
		{A77BBC54-082F-4918-9FEB-FCCE5FADF3BB}.Debug|TwinCAT CE7 (ARMV7).Build.0 = Debug|TwinCAT CE7 (ARMV7)
		{A77BBC54-082F-4918-9FEB-FCCE5FADF3BB}.Debug|TwinCAT OS (ARMT2).ActiveCfg = Debug|TwinCAT OS (ARMT2)
		{A77BBC54-082F-4918-9FEB-FCCE5FADF3BB}.Debug|TwinCAT OS (ARMT2).Build.0 = Debug|TwinCAT OS (ARMT2)
		{A77BBC54-082F-4918-9FEB-FCCE5FADF3BB}.Debug|TwinCAT RT (x64).ActiveCfg = Debug|TwinCAT RT (x64)
		{A77BBC54-082F-4918-9FEB-FCCE5FADF3BB}.Debug|TwinCAT RT (x64).Build.0 = Debug|TwinCAT RT (x64)
		{A77BBC54-082F-4918-9FEB-FCCE5FADF3BB}.Debug|TwinCAT RT (x86).ActiveCfg = Debug|TwinCAT RT (x86)
		{A77BBC54-082F-4918-9FEB-FCCE5FADF3BB}.Debug|TwinCAT RT (x86).Build.0 = Debug|TwinCAT RT (x86)
		{A77BBC54-082F-4918-9FEB-FCCE5FADF3BB}.Release|TwinCAT CE7 (ARMV7).ActiveCfg = Release|TwinCAT CE7 (ARMV7)
		{A77BBC54-082F-4918-9FEB-FCCE5FADF3BB}.Release|TwinCAT CE7 (ARMV7).Build.0 = Release|TwinCAT CE7 (ARMV7)
		{A77BBC54-082F-4918-9FEB-FCCE5FADF3BB}.Release|TwinCAT OS (ARMT2).ActiveCfg = Release|TwinCAT OS (ARMT2)
		{A77BBC54-082F-4918-9FEB-FCCE5FADF3BB}.Release|TwinCAT OS (ARMT2).Build.0 = Release|TwinCAT OS (ARMT2)
		{A77BBC54-082F-4918-9FEB-FCCE5FADF3BB}.Release|TwinCAT RT (x64).ActiveCfg = Release|TwinCAT RT (x64)
		{A77BBC54-082F-4918-9FEB-FCCE5FADF3BB}.Release|TwinCAT RT (x64).Build.0 = Release|TwinCAT RT (x64)
		{A77BBC54-082F-4918-9FEB-FCCE5FADF3BB}.Release|TwinCAT RT (x86).ActiveCfg = Release|TwinCAT RT (x86)
		{A77BBC54-082F-4918-9FEB-FCCE5FADF3BB}.Release|TwinCAT RT (x86).Build.0 = Release|TwinCAT RT (x86)
		{0FD31BD3-5F10-41B8-B074-6202B71B5EAD}.Debug|TwinCAT CE7 (ARMV7).ActiveCfg = Debug|TwinCAT CE7 (ARMV7)
		{0FD31BD3-5F10-41B8-B074-6202B71B5EAD}.Debug|TwinCAT CE7 (ARMV7).Build.0 = Debug|TwinCAT CE7 (ARMV7)
		{0FD31BD3-5F10-41B8-B074-6202B71B5EAD}.Debug|TwinCAT OS (ARMT2).ActiveCfg = Debug|TwinCAT OS (ARMT2)
		{0FD31BD3-5F10-41B8-B074-6202B71B5EAD}.Debug|TwinCAT OS (ARMT2).Build.0 = Debug|TwinCAT OS (ARMT2)
		{0FD31BD3-5F10-41B8-B074-6202B71B5EAD}.Debug|TwinCAT RT (x64).ActiveCfg = Debug|TwinCAT RT (x64)
		{0FD31BD3-5F10-41B8-B074-6202B71B5EAD}.Debug|TwinCAT RT (x64).Build.0 = Debug|TwinCAT RT (x64)
		{0FD31BD3-5F10-41B8-B074-6202B71B5EAD}.Debug|TwinCAT RT (x86).ActiveCfg = Debug|TwinCAT RT (x86)
		{0FD31BD3-5F10-41B8-B074-6202B71B5EAD}.Debug|TwinCAT RT (x86).Build.0 = Debug|TwinCAT RT (x86)
		{0FD31BD3-5F10-41B8-B074-6202B71B5EAD}.Release|TwinCAT CE7 (ARMV7).ActiveCfg = Release|TwinCAT CE7 (ARMV7)
		{0FD31BD3-5F10-41B8-B074-6202B71B5EAD}.Release|TwinCAT CE7 (ARMV7).Build.0 = Release|TwinCAT CE7 (ARMV7)
		{0FD31BD3-5F10-41B8-B074-6202B71B5EAD}.Release|TwinCAT OS (ARMT2).ActiveCfg = Release|TwinCAT OS (ARMT2)
		{0FD31BD3-5F10-41B8-B074-6202B71B5EAD}.Release|TwinCAT OS (ARMT2).Build.0 = Release|TwinCAT OS (ARMT2)
		{0FD31BD3-5F10-41B8-B074-6202B71B5EAD}.Release|TwinCAT RT (x64).ActiveCfg = Release|TwinCAT RT (x64)
		{0FD31BD3-5F10-41B8-B074-6202B71B5EAD}.Release|TwinCAT RT (x64).Build.0 = Release|TwinCAT RT (x64)
		{0FD31BD3-5F10-41B8-B074-6202B71B5EAD}.Release|TwinCAT RT (x86).ActiveCfg = Release|TwinCAT RT (x86)
		{0FD31BD3-5F10-41B8-B074-6202B71B5EAD}.Release|TwinCAT RT (x86).Build.0 = Release|TwinCAT RT (x86)
	EndGlobalSection
	GlobalSection(SolutionProperties) = preSolution
		HideSolutionNode = FALSE
	EndGlobalSection
	GlobalSection(ExtensibilityGlobals) = postSolution
		SolutionGuid = {15570B26-3D89-49B2-886E-CC7005023133}
	EndGlobalSection
EndGlobal
